# This file was autogenerated by Stack.
# You should not edit this file by hand.
# For more information, please see the documentation at:
#   https://docs.haskellstack.org/en/stable/lock_files

packages:
- completed:
    hackage: scotty-0.12.1@sha256:887a4ccd4ec81a63154a731804ee9369e268c566086e7c3074e4edf171e5f1a2,5278
    pantry-tree:
      sha256: bf265299d5247339d918145e359145c01a1cc804a5f5da78aec040c503397e3a
      size: 1701
  original:
    hackage: scotty-0.12.1
snapshots:
- completed:
    sha256: 7f4393ad659c579944d12202cffb12d8e4b8114566b015f77bbc303a24cff934
    size: 619405
    url: https://raw.githubusercontent.com/commercialhaskell/stackage-snapshots/master/lts/19/28.yaml
  original:
    url: https://raw.githubusercontent.com/commercialhaskell/stackage-snapshots/master/lts/19/28.yaml
