# This file was autogenerated by Stack.
# You should not edit this file by hand.
# For more information, please see the documentation at:
#   https://docs.haskellstack.org/en/stable/lock_files

packages:
- completed:
    hackage: faktory-1.1.2.4@sha256:938110ceba2cb9a829b41c364885a5866fdaed6a4b0475eb1eea6490b4e8f0e4,9191
    pantry-tree:
      sha256: 73e5606c4894688e6d3f6db83e054ab0ca1945ac61ebb479775a8d9ff342e572
      size: 2045
  original:
    hackage: faktory-1.1.2.4
snapshots:
- completed:
    sha256: 17870c63f8041ac17a38096124abeb953cb14d84bfc96deb88f9b24daa97b347
    size: 649332
    url: https://raw.githubusercontent.com/commercialhaskell/stackage-snapshots/master/lts/20/10.yaml
  original:
    url: https://raw.githubusercontent.com/commercialhaskell/stackage-snapshots/master/lts/20/10.yaml
